<?xml version="1.0" encoding="utf-8"?>
<Project ToolsVersion="4.0" xmlns:atg="http://atg.xbox.com" xmlns="http://schemas.microsoft.com/developer/msbuild/2003">
  <ItemGroup>
    <Filter Include="Resource Files">
      <UniqueIdentifier>{8e114980-c1a3-4ada-ad7c-83caadf5daeb}</UniqueIdentifier>
      <Extensions>rc;ico;cur;bmp;dlg;rc2;rct;bin;rgs;gif;jpg;jpeg;jpe</Extensions>
    </Filter>
    <Filter Include="Shaders">
      <UniqueIdentifier>{2c3d4c8c-5d1a-459a-a05a-a4e4b608a44e}</UniqueIdentifier>
      <Extensions>fx;fxh;hlsl</Extensions>
    </Filter>
    <Filter Include="FSM">
      <UniqueIdentifier>{605ffe48-2ce4-4606-9064-316ebb63b1c8}</UniqueIdentifier>
    </Filter>
    <Filter Include="Pattern">
      <UniqueIdentifier>{ab98e3ea-a349-4a41-847b-21efa40118a5}</UniqueIdentifier>
    </Filter>
    <Filter Include="Core">
      <UniqueIdentifier>{67bb0d42-b87b-41b0-98d4-6a7e7a48935a}</UniqueIdentifier>
    </Filter>
    <Filter Include="BuiltinComponents">
      <UniqueIdentifier>{de7a5893-6a9c-4365-83ea-8bec9484e0eb}</UniqueIdentifier>
    </Filter>
  </ItemGroup>
  <ItemGroup>
    <ClInclude Include="FSM\ConditionValue.h">
      <Filter>FSM</Filter>
    </ClInclude>
    <ClInclude Include="FSM\FSMController.h">
      <Filter>FSM</Filter>
    </ClInclude>
    <ClInclude Include="FSM\State.h">
      <Filter>FSM</Filter>
    </ClInclude>
    <ClInclude Include="FSM\StateMachine.h">
      <Filter>FSM</Filter>
    </ClInclude>
    <ClInclude Include="FSM\Transition.h">
      <Filter>FSM</Filter>
    </ClInclude>
    <ClInclude Include="FSM\TransitionValue.h">
      <Filter>FSM</Filter>
    </ClInclude>
    <ClInclude Include="Pattern\Singleton.h">
      <Filter>Pattern</Filter>
    </ClInclude>
    <ClInclude Include="JConst.h" />
    <ClInclude Include="Configure.h" />
    <ClInclude Include="Time.h" />
    <ClInclude Include="Core\Log.h">
      <Filter>Core</Filter>
    </ClInclude>
    <ClInclude Include="Core\Object.h">
      <Filter>Core</Filter>
    </ClInclude>
    <ClInclude Include="Core\Vector3.h">
      <Filter>Core</Filter>
    </ClInclude>
    <ClInclude Include="GameInstance.h">
      <Filter>Core</Filter>
    </ClInclude>
    <ClInclude Include="BuiltinComponents\Component.h">
      <Filter>BuiltinComponents</Filter>
    </ClInclude>
    <ClInclude Include="BuiltinComponents\TransfromDX.h">
      <Filter>BuiltinComponents</Filter>
    </ClInclude>
    <ClInclude Include="Core\GameInstance.h" />
  </ItemGroup>
  <ItemGroup>
    <ClCompile Include="FSM\FSMController.cpp">
      <Filter>FSM</Filter>
    </ClCompile>
    <ClCompile Include="FSM\State.cpp">
      <Filter>FSM</Filter>
    </ClCompile>
    <ClCompile Include="FSM\StateMachine.cpp">
      <Filter>FSM</Filter>
    </ClCompile>
    <ClCompile Include="FSM\Transition.cpp">
      <Filter>FSM</Filter>
    </ClCompile>
    <ClCompile Include="FSM\TransitionValue.cpp">
      <Filter>FSM</Filter>
    </ClCompile>
    <ClCompile Include="WinMain.cpp" />
    <ClCompile Include="Core\Log.cpp">
      <Filter>Core</Filter>
    </ClCompile>
    <ClCompile Include="Core\Object.cpp">
      <Filter>Core</Filter>
    </ClCompile>
    <ClCompile Include="Core\Vector3.cpp">
      <Filter>Core</Filter>
    </ClCompile>
  </ItemGroup>
  <ItemGroup>
    <None Include="Tutorial02.fx">
      <Filter>Shaders</Filter>
    </None>
  </ItemGroup>
  <ItemGroup>
    <CLInclude Include="resource.h">
      <Filter>Resource Files</Filter>
    </CLInclude>
    <ResourceCompile Include="Tutorial02.rc">
      <Filter>Resource Files</Filter>
    </ResourceCompile>
  </ItemGroup>
  <ItemGroup>
  </ItemGroup>
</Project>